
Microsoft Visual Studio Solution File, Format Version 12.00
# Visual Studio Version 17
VisualStudioVersion = 17.4.33205.214
MinimumVisualStudioVersion = 10.0.40219.1
Project("{9A19103F-16F7-4668-BE54-9A1E7A4F7556}") = "APIGw-Lambda-SQS", "APIGw-Lambda-SQS.csproj", "{8C8FA92E-0CAB-4014-92FE-5AA2C0ACC3EB}"
EndProject
Global
	GlobalSection(SolutionConfigurationPlatforms) = preSolution
		Debug|Any CPU = Debug|Any CPU
		Release|Any CPU = Release|Any CPU
	EndGlobalSection
	GlobalSection(ProjectConfigurationPlatforms) = postSolution
		{8C8FA92E-0CAB-4014-92FE-5AA2C0ACC3EB}.Debug|Any CPU.ActiveCfg = Debug|Any CPU
		{8C8FA92E-0CAB-4014-92FE-5AA2C0ACC3EB}.Debug|Any CPU.Build.0 = Debug|Any CPU
		{8C8FA92E-0CAB-4014-92FE-5AA2C0ACC3EB}.Release|Any CPU.ActiveCfg = Release|Any CPU
		{8C8FA92E-0CAB-4014-92FE-5AA2C0ACC3EB}.Release|Any CPU.Build.0 = Release|Any CPU
	EndGlobalSection
	GlobalSection(SolutionProperties) = preSolution
		HideSolutionNode = FALSE
	EndGlobalSection
	GlobalSection(ExtensibilityGlobals) = postSolution
		SolutionGuid = {958939A5-5C8B-47AD-B08B-2994AFB33E2F}
	EndGlobalSection
EndGlobal
